{
  "name": "ajs_3_1_node",
  "version": "1.0.0",
  "lockfileVersion": 1,
  "requires": true,
  "dependencies": {
    "@kuzminayuliya/ajs_3_1": {
      "version": "1.0.0",
      "resolved": "https://npm.pkg.github.com/download/@kuzminayuliya/ajs_3_1/1.0.0/bf9b7a78223680c599527df9a8c34cb4a64d89bac707ee7ba4b3838863abd404",
      "integrity": "sha512-3R4271BEox0zgHOiy8knd7dRHbQxVcU05p1ZoMmKMCFo+ebpKHh7q+E6b509u+stWrzLtvk01xKzt6x636x0Eg=="
    }
  }
}
